154.pages.dev/dash v1.25.0 h1:w1i0e2xtZVDauNacfpVTH6T/zO16BIF00B67ebTHMhY=
154.pages.dev/dash v1.25.0/go.mod h1:qqrvR016b89Rucd66scFaOZmlsSmuWV5RNRky+GNgl8=
154.pages.dev/protobuf v1.3.8 h1:a9dylqtetlbd+tCrS0/HGSyw6vgiF2RT3zGk1idW5Do=
154.pages.dev/protobuf v1.3.8/go.mod h1:gSoe3mxfCz4Noa6ERjJVEvDGZwQRjYsYpo8jk+UjZaQ=
154.pages.dev/sofia v1.6.5 h1:CKnedW6LvfKt/NJmapC4q5yJq9UM166KsIlaNSJ2h6A=
154.pages.dev/sofia v1.6.5/go.mod h1:yUQJ086Sb9+UUXA3smfqUU5ww5R7O/qUByrO/xGO7xI=
154.pages.dev/text v1.3.0 h1:ocyezNKavPQxSeoAGtDt1cOyWVJSq5PZV2QFCGwuqHE=
154.pages.dev/text v1.3.0/go.mod h1:UvyUI44OzPxT7aBKgFMCqA8simgm/OMEvNSn+UxbW8o=
154.pages.dev/widevine v1.4.7 h1:uSrL4Hb4uyozW+PB7gT/3nakItA3WSXGsEiNJ7M+5/I=
154.pages.dev/widevine v1.4.7/go.mod h1:y6hxQp+jqo+XG4553wSxnd04tw5BK6DJKTjR3Ksmmpk=
github.com/chmike/cmac-go v1.1.0 h1:aF73ZAEx9N2WdQc93DOJ2fMsBDAGqUtuenjMJMb3kEI=
github.com/chmike/cmac-go v1.1.0/go.mod h1:wcIN7NRqWSKGuORzd4dReBkoBDE9ZBqfyTVxyDxGeUw=
google.golang.org/protobuf v1.34.2 h1:6xV6lTsCfpGD21XK49h7MhtcApnLqkfYgPcdHftf6hg=
google.golang.org/protobuf v1.34.2/go.mod h1:qYOHts0dSfpeUzUFpOMr/WGzszTmLH+DiWniOlNbLDw=
